
Microsoft Visual Studio Solution File, Format Version 12.00
# Visual Studio Version 17
VisualStudioVersion = 17.4.33103.184
MinimumVisualStudioVersion = 10.0.40219.1
Project("{9A19103F-16F7-4668-BE54-9A1E7A4F7556}") = "Hr", "Hr\Hr.csproj", "{4D2537A8-76B2-4428-9F43-9894F526463A}"
EndProject
Project("{9A19103F-16F7-4668-BE54-9A1E7A4F7556}") = "Hr.Test", "Hr.Test\Hr.Test.csproj", "{6DC11673-4C31-4893-A207-228486A23A1A}"
EndProject
Global
	GlobalSection(SolutionConfigurationPlatforms) = preSolution
		Debug|Any CPU = Debug|Any CPU
		Release|Any CPU = Release|Any CPU
	EndGlobalSection
	GlobalSection(ProjectConfigurationPlatforms) = postSolution
		{4D2537A8-76B2-4428-9F43-9894F526463A}.Debug|Any CPU.ActiveCfg = Debug|Any CPU
		{4D2537A8-76B2-4428-9F43-9894F526463A}.Debug|Any CPU.Build.0 = Debug|Any CPU
		{4D2537A8-76B2-4428-9F43-9894F526463A}.Release|Any CPU.ActiveCfg = Release|Any CPU
		{4D2537A8-76B2-4428-9F43-9894F526463A}.Release|Any CPU.Build.0 = Release|Any CPU
		{6DC11673-4C31-4893-A207-228486A23A1A}.Debug|Any CPU.ActiveCfg = Debug|Any CPU
		{6DC11673-4C31-4893-A207-228486A23A1A}.Debug|Any CPU.Build.0 = Debug|Any CPU
		{6DC11673-4C31-4893-A207-228486A23A1A}.Release|Any CPU.ActiveCfg = Release|Any CPU
		{6DC11673-4C31-4893-A207-228486A23A1A}.Release|Any CPU.Build.0 = Release|Any CPU
	EndGlobalSection
	GlobalSection(SolutionProperties) = preSolution
		HideSolutionNode = FALSE
	EndGlobalSection
	GlobalSection(ExtensibilityGlobals) = postSolution
		SolutionGuid = {EF70DA93-6DD5-4E2B-818D-48390365FE4A}
	EndGlobalSection
EndGlobal
